
Microsoft Visual Studio Solution File, Format Version 12.00
# Visual Studio Version 17
VisualStudioVersion = 17.10.35013.160
MinimumVisualStudioVersion = 10.0.40219.1
Project("{FAE04EC0-301F-11D3-BF4B-00C04F79EFBC}") = "RegisterPage", "RegisterPage\RegisterPage.csproj", "{7E2871B7-3B25-490D-AB98-6217E06EF690}"
EndProject
Global
	GlobalSection(SolutionConfigurationPlatforms) = preSolution
		Debug|Any CPU = Debug|Any CPU
		Release|Any CPU = Release|Any CPU
	EndGlobalSection
	GlobalSection(ProjectConfigurationPlatforms) = postSolution
		{7E2871B7-3B25-490D-AB98-6217E06EF690}.Debug|Any CPU.ActiveCfg = Debug|Any CPU
		{7E2871B7-3B25-490D-AB98-6217E06EF690}.Debug|Any CPU.Build.0 = Debug|Any CPU
		{7E2871B7-3B25-490D-AB98-6217E06EF690}.Release|Any CPU.ActiveCfg = Release|Any CPU
		{7E2871B7-3B25-490D-AB98-6217E06EF690}.Release|Any CPU.Build.0 = Release|Any CPU
	EndGlobalSection
	GlobalSection(SolutionProperties) = preSolution
		HideSolutionNode = FALSE
	EndGlobalSection
	GlobalSection(ExtensibilityGlobals) = postSolution
		SolutionGuid = {B8176260-9897-43B8-80DD-C6C15275CCAF}
	EndGlobalSection
EndGlobal
